
Microsoft Visual Studio Solution File, Format Version 12.00
# Visual Studio Version 16
VisualStudioVersion = 16.0.30804.86
MinimumVisualStudioVersion = 10.0.40219.1
Project("{FAE04EC0-301F-11D3-BF4B-00C04F79EFBC}") = "M1NETCore_Consola", "M1NETCore_Consola.csproj", "{F5134D84-A453-4A42-97E7-712688535F4F}"
EndProject
Global
	GlobalSection(SolutionConfigurationPlatforms) = preSolution
		Debug|Any CPU = Debug|Any CPU
		Release|Any CPU = Release|Any CPU
	EndGlobalSection
	GlobalSection(ProjectConfigurationPlatforms) = postSolution
		{F5134D84-A453-4A42-97E7-712688535F4F}.Debug|Any CPU.ActiveCfg = Debug|Any CPU
		{F5134D84-A453-4A42-97E7-712688535F4F}.Debug|Any CPU.Build.0 = Debug|Any CPU
		{F5134D84-A453-4A42-97E7-712688535F4F}.Release|Any CPU.ActiveCfg = Release|Any CPU
		{F5134D84-A453-4A42-97E7-712688535F4F}.Release|Any CPU.Build.0 = Release|Any CPU
	EndGlobalSection
	GlobalSection(SolutionProperties) = preSolution
		HideSolutionNode = FALSE
	EndGlobalSection
	GlobalSection(ExtensibilityGlobals) = postSolution
		SolutionGuid = {7C754AF7-13EF-46CB-8E33-05664E78E7EC}
	EndGlobalSection
EndGlobal
